// !$*UTF8*$!
{
	archiveVersion = 1;
	classes = {
	};
	objectVersion = 55;
	objects = {

/* Begin PBXBuildFile section */
		263641E92873072F00C4FE9E /* routine.swift in Sources */ = {isa = PBXBuildFile; fileRef = 263641E82873072F00C4FE9E /* routine.swift */; };
		26395BBB286EF9DE00062DA2 /* main.swift in Sources */ = {isa = PBXBuildFile; fileRef = 26395BBA286EF9DE00062DA2 /* main.swift */; };
		26395BC2286EFB0800062DA2 /* bodyCondition.swift in Sources */ = {isa = PBXBuildFile; fileRef = 26395BC1286EFB0800062DA2 /* bodyCondition.swift */; };
		26395BC4286EFE3900062DA2 /* exercise.swift in Sources */ = {isa = PBXBuildFile; fileRef = 26395BC3286EFE3900062DA2 /* exercise.swift */; };
/* End PBXBuildFile section */

/* Begin PBXCopyFilesBuildPhase section */
		26395BB5286EF9DE00062DA2 /* CopyFiles */ = {
			isa = PBXCopyFilesBuildPhase;
			buildActionMask = 2147483647;
			dstPath = /usr/share/man/man1/;
			dstSubfolderSpec = 0;
			files = (
			);
			runOnlyForDeploymentPostprocessing = 1;
		};
/* End PBXCopyFilesBuildPhase section */

/* Begin PBXFileReference section */
		263641E82873072F00C4FE9E /* routine.swift */ = {isa = PBXFileReference; lastKnownFileType = sourcecode.swift; path = routine.swift; sourceTree = "<group>"; };
		26395BB7286EF9DE00062DA2 /* CodeStarterCamp_Week4 */ = {isa = PBXFileReference; explicitFileType = "compiled.mach-o.executable"; includeInIndex = 0; path = CodeStarterCamp_Week4; sourceTree = BUILT_PRODUCTS_DIR; };
		26395BBA286EF9DE00062DA2 /* main.swift */ = {isa = PBXFileReference; lastKnownFileType = sourcecode.swift; path = main.swift; sourceTree = "<group>"; };
		26395BC1286EFB0800062DA2 /* bodyCondition.swift */ = {isa = PBXFileReference; lastKnownFileType = sourcecode.swift; path = bodyCondition.swift; sourceTree = "<group>"; };
		26395BC3286EFE3900062DA2 /* exercise.swift */ = {isa = PBXFileReference; lastKnownFileType = sourcecode.swift; path = exercise.swift; sourceTree = "<group>"; };
/* End PBXFileReference section */

/* Begin PBXFrameworksBuildPhase section */
		26395BB4286EF9DE00062DA2 /* Frameworks */ = {
			isa = PBXFrameworksBuildPhase;
			buildActionMask = 2147483647;
			files = (
			);
			runOnlyForDeploymentPostprocessing = 0;
		};
/* End PBXFrameworksBuildPhase section */

/* Begin PBXGroup section */
		26395BAE286EF9DE00062DA2 = {
			isa = PBXGroup;
			children = (
				26395BB9286EF9DE00062DA2 /* CodeStarterCamp_Week4 */,
				26395BB8286EF9DE00062DA2 /* Products */,
			);
			sourceTree = "<group>";
		};
		26395BB8286EF9DE00062DA2 /* Products */ = {
			isa = PBXGroup;
			children = (
				26395BB7286EF9DE00062DA2 /* CodeStarterCamp_Week4 */,
			);
			name = Products;
			sourceTree = "<group>";
		};
		26395BB9286EF9DE00062DA2 /* CodeStarterCamp_Week4 */ = {
			isa = PBXGroup;
			children = (
				26395BBA286EF9DE00062DA2 /* main.swift */,
				26395BC1286EFB0800062DA2 /* bodyCondition.swift */,
				26395BC3286EFE3900062DA2 /* exercise.swift */,
				263641E82873072F00C4FE9E /* routine.swift */,
			);
			path = CodeStarterCamp_Week4;
			sourceTree = "<group>";
		};
/* End PBXGroup section */

/* Begin PBXNativeTarget section */
		26395BB6286EF9DE00062DA2 /* CodeStarterCamp_Week4 */ = {
			isa = PBXNativeTarget;
			buildConfigurationList = 26395BBE286EF9DE00062DA2 /* Build configuration list for PBXNativeTarget "CodeStarterCamp_Week4" */;
			buildPhases = (
				26395BB3286EF9DE00062DA2 /* Sources */,
				26395BB4286EF9DE00062DA2 /* Frameworks */,
				26395BB5286EF9DE00062DA2 /* CopyFiles */,
			);
			buildRules = (
			);
			dependencies = (
			);
			name = CodeStarterCamp_Week4;
			productName = CodeStarterCamp_Week4;
			productReference = 26395BB7286EF9DE00062DA2 /* CodeStarterCamp_Week4 */;
			productType = "com.apple.product-type.tool";
		};
/* End PBXNativeTarget section */

/* Begin PBXProject section */
		26395BAF286EF9DE00062DA2 /* Project object */ = {
			isa = PBXProject;
			attributes = {
				BuildIndependentTargetsInParallel = 1;
				LastSwiftUpdateCheck = 1330;
				LastUpgradeCheck = 1330;
				TargetAttributes = {
					26395BB6286EF9DE00062DA2 = {
						CreatedOnToolsVersion = 13.3.1;
					};
				};
			};
			buildConfigurationList = 26395BB2286EF9DE00062DA2 /* Build configuration list for PBXProject "CodeStarterCamp_Week4" */;
			compatibilityVersion = "Xcode 13.0";
			developmentRegion = en;
			hasScannedForEncodings = 0;
			knownRegions = (
				en,
				Base,
			);
			mainGroup = 26395BAE286EF9DE00062DA2;
			productRefGroup = 26395BB8286EF9DE00062DA2 /* Products */;
			projectDirPath = "";
			projectRoot = "";
			targets = (
				26395BB6286EF9DE00062DA2 /* CodeStarterCamp_Week4 */,
			);
		};
/* End PBXProject section */

/* Begin PBXSourcesBuildPhase section */
		26395BB3286EF9DE00062DA2 /* Sources */ = {
			isa = PBXSourcesBuildPhase;
			buildActionMask = 2147483647;
			files = (
				26395BBB286EF9DE00062DA2 /* main.swift in Sources */,
				26395BC4286EFE3900062DA2 /* exercise.swift in Sources */,
				263641E92873072F00C4FE9E /* routine.swift in Sources */,
				26395BC2286EFB0800062DA2 /* bodyCondition.swift in Sources */,
			);
			runOnlyForDeploymentPostprocessing = 0;
		};
/* End PBXSourcesBuildPhase section */

/* Begin XCBuildConfiguration section */
		26395BBC286EF9DE00062DA2 /* Debug */ = {
			isa = XCBuildConfiguration;
			buildSettings = {
				ALWAYS_SEARCH_USER_PATHS = NO;
				CLANG_ANALYZER_NONNULL = YES;
				CLANG_ANALYZER_NUMBER_OBJECT_CONVERSION = YES_AGGRESSIVE;
				CLANG_CXX_LANGUAGE_STANDARD = "gnu++17";
				CLANG_ENABLE_MODULES = YES;
				CLANG_ENABLE_OBJC_ARC = YES;
				CLANG_ENABLE_OBJC_WEAK = YES;
				CLANG_WARN_BLOCK_CAPTURE_AUTORELEASING = YES;
				CLANG_WARN_BOOL_CONVERSION = YES;
				CLANG_WARN_COMMA = YES;
				CLANG_WARN_CONSTANT_CONVERSION = YES;
				CLANG_WARN_DEPRECATED_OBJC_IMPLEMENTATIONS = YES;
				CLANG_WARN_DIRECT_OBJC_ISA_USAGE = YES_ERROR;
				CLANG_WARN_DOCUMENTATION_COMMENTS = YES;
				CLANG_WARN_EMPTY_BODY = YES;
				CLANG_WARN_ENUM_CONVERSION = YES;
				CLANG_WARN_INFINITE_RECURSION = YES;
				CLANG_WARN_INT_CONVERSION = YES;
				CLANG_WARN_NON_LITERAL_NULL_CONVERSION = YES;
				CLANG_WARN_OBJC_IMPLICIT_RETAIN_SELF = YES;
				CLANG_WARN_OBJC_LITERAL_CONVERSION = YES;
				CLANG_WARN_OBJC_ROOT_CLASS = YES_ERROR;
				CLANG_WARN_QUOTED_INCLUDE_IN_FRAMEWORK_HEADER = YES;
				CLANG_WARN_RANGE_LOOP_ANALYSIS = YES;
				CLANG_WARN_STRICT_PROTOTYPES = YES;
				CLANG_WARN_SUSPICIOUS_MOVE = YES;
				CLANG_WARN_UNGUARDED_AVAILABILITY = YES_AGGRESSIVE;
				CLANG_WARN_UNREACHABLE_CODE = YES;
				CLANG_WARN__DUPLICATE_METHOD_MATCH = YES;
				COPY_PHASE_STRIP = NO;
				DEBUG_INFORMATION_FORMAT = dwarf;
				ENABLE_STRICT_OBJC_MSGSEND = YES;
				ENABLE_TESTABILITY = YES;
				GCC_C_LANGUAGE_STANDARD = gnu11;
				GCC_DYNAMIC_NO_PIC = NO;
				GCC_NO_COMMON_BLOCKS = YES;
				GCC_OPTIMIZATION_LEVEL = 0;
				GCC_PREPROCESSOR_DEFINITIONS = (
					"DEBUG=1",
					"$(inherited)",
				);
				GCC_WARN_64_TO_32_BIT_CONVERSION = YES;
				GCC_WARN_ABOUT_RETURN_TYPE = YES_ERROR;
				GCC_WARN_UNDECLARED_SELECTOR = YES;
				GCC_WARN_UNINITIALIZED_AUTOS = YES_AGGRESSIVE;
				GCC_WARN_UNUSED_FUNCTION = YES;
				GCC_WARN_UNUSED_VARIABLE = YES;
				MACOSX_DEPLOYMENT_TARGET = 12.3;
				MTL_ENABLE_DEBUG_INFO = INCLUDE_SOURCE;
				MTL_FAST_MATH = YES;
				ONLY_ACTIVE_ARCH = YES;
				SDKROOT = macosx;
				SWIFT_ACTIVE_COMPILATION_CONDITIONS = DEBUG;
				SWIFT_OPTIMIZATION_LEVEL = "-Onone";
			};
			name = Debug;
		};
		26395BBD286EF9DE00062DA2 /* Release */ = {
			isa = XCBuildConfiguration;
			buildSettings = {
				ALWAYS_SEARCH_USER_PATHS = NO;
				CLANG_ANALYZER_NONNULL = YES;
				CLANG_ANALYZER_NUMBER_OBJECT_CONVERSION = YES_AGGRESSIVE;
				CLANG_CXX_LANGUAGE_STANDARD = "gnu++17";
				CLANG_ENABLE_MODULES = YES;
				CLANG_ENABLE_OBJC_ARC = YES;
				CLANG_ENABLE_OBJC_WEAK = YES;
				CLANG_WARN_BLOCK_CAPTURE_AUTORELEASING = YES;
				CLANG_WARN_BOOL_CONVERSION = YES;
				CLANG_WARN_COMMA = YES;
				CLANG_WARN_CONSTANT_CONVERSION = YES;
				CLANG_WARN_DEPRECATED_OBJC_IMPLEMENTATIONS = YES;
				CLANG_WARN_DIRECT_OBJC_ISA_USAGE = YES_ERROR;
				CLANG_WARN_DOCUMENTATION_COMMENTS = YES;
				CLANG_WARN_EMPTY_BODY = YES;
				CLANG_WARN_ENUM_CONVERSION = YES;
				CLANG_WARN_INFINITE_RECURSION = YES;
				CLANG_WARN_INT_CONVERSION = YES;
				CLANG_WARN_NON_LITERAL_NULL_CONVERSION = YES;
				CLANG_WARN_OBJC_IMPLICIT_RETAIN_SELF = YES;
				CLANG_WARN_OBJC_LITERAL_CONVERSION = YES;
				CLANG_WARN_OBJC_ROOT_CLASS = YES_ERROR;
				CLANG_WARN_QUOTED_INCLUDE_IN_FRAMEWORK_HEADER = YES;
				CLANG_WARN_RANGE_LOOP_ANALYSIS = YES;
				CLANG_WARN_STRICT_PROTOTYPES = YES;
				CLANG_WARN_SUSPICIOUS_MOVE = YES;
				CLANG_WARN_UNGUARDED_AVAILABILITY = YES_AGGRESSIVE;
				CLANG_WARN_UNREACHABLE_CODE = YES;
				CLANG_WARN__DUPLICATE_METHOD_MATCH = YES;
				COPY_PHASE_STRIP = NO;
				DEBUG_INFORMATION_FORMAT = "dwarf-with-dsym";
				ENABLE_NS_ASSERTIONS = NO;
				ENABLE_STRICT_OBJC_MSGSEND = YES;
				GCC_C_LANGUAGE_STANDARD = gnu11;
				GCC_NO_COMMON_BLOCKS = YES;
				GCC_WARN_64_TO_32_BIT_CONVERSION = YES;
				GCC_WARN_ABOUT_RETURN_TYPE = YES_ERROR;
				GCC_WARN_UNDECLARED_SELECTOR = YES;
				GCC_WARN_UNINITIALIZED_AUTOS = YES_AGGRESSIVE;
				GCC_WARN_UNUSED_FUNCTION = YES;
				GCC_WARN_UNUSED_VARIABLE = YES;
				MACOSX_DEPLOYMENT_TARGET = 12.3;
				MTL_ENABLE_DEBUG_INFO = NO;
				MTL_FAST_MATH = YES;
				SDKROOT = macosx;
				SWIFT_COMPILATION_MODE = wholemodule;
				SWIFT_OPTIMIZATION_LEVEL = "-O";
			};
			name = Release;
		};
		26395BBF286EF9DE00062DA2 /* Debug */ = {
			isa = XCBuildConfiguration;
			buildSettings = {
				CODE_SIGN_STYLE = Automatic;
				DEVELOPMENT_TEAM = 45LBN4FUN7;
				ENABLE_HARDENED_RUNTIME = YES;
				PRODUCT_NAME = "$(TARGET_NAME)";
				SWIFT_VERSION = 5.0;
			};
			name = Debug;
		};
		26395BC0286EF9DE00062DA2 /* Release */ = {
			isa = XCBuildConfiguration;
			buildSettings = {
				CODE_SIGN_STYLE = Automatic;
				DEVELOPMENT_TEAM = 45LBN4FUN7;
				ENABLE_HARDENED_RUNTIME = YES;
				PRODUCT_NAME = "$(TARGET_NAME)";
				SWIFT_VERSION = 5.0;
			};
			name = Release;
		};
/* End XCBuildConfiguration section */

/* Begin XCConfigurationList section */
		26395BB2286EF9DE00062DA2 /* Build configuration list for PBXProject "CodeStarterCamp_Week4" */ = {
			isa = XCConfigurationList;
			buildConfigurations = (
				26395BBC286EF9DE00062DA2 /* Debug */,
				26395BBD286EF9DE00062DA2 /* Release */,
			);
			defaultConfigurationIsVisible = 0;
			defaultConfigurationName = Release;
		};
		26395BBE286EF9DE00062DA2 /* Build configuration list for PBXNativeTarget "CodeStarterCamp_Week4" */ = {
			isa = XCConfigurationList;
			buildConfigurations = (
				26395BBF286EF9DE00062DA2 /* Debug */,
				26395BC0286EF9DE00062DA2 /* Release */,
			);
			defaultConfigurationIsVisible = 0;
			defaultConfigurationName = Release;
		};
/* End XCConfigurationList section */
	};
	rootObject = 26395BAF286EF9DE00062DA2 /* Project object */;
}
